
Microsoft Visual Studio Solution File, Format Version 12.00
# Visual Studio 14
VisualStudioVersion = 14.0.25420.1
MinimumVisualStudioVersion = 10.0.40219.1
Project("{FAE04EC0-301F-11D3-BF4B-00C04F79EFBC}") = "DAT154 Desktop", "DAT154 Desktop\DAT154 Desktop.csproj", "{25612053-A742-450E-86BC-D5CD08CE165A}"
EndProject
Project("{FAE04EC0-301F-11D3-BF4B-00C04F79EFBC}") = "DAT154 Web", "DAT154 Web\DAT154 Web.csproj", "{3A2175EE-0A5E-4289-860B-231482CF2C62}"
EndProject
Project("{FAE04EC0-301F-11D3-BF4B-00C04F79EFBC}") = "DAT154 Libs", "DAT154 Libs\DAT154 Libs.csproj", "{A70D33CA-D518-4AFC-958C-717BA4FDDCB4}"
EndProject
Project("{FAE04EC0-301F-11D3-BF4B-00C04F79EFBC}") = "DAT154 Universal", "DAT154 Universal\DAT154 Universal.csproj", "{1179D1BF-762B-4994-A700-9E5099CD641B}"
EndProject
Global
	GlobalSection(SolutionConfigurationPlatforms) = preSolution
		Debug|Any CPU = Debug|Any CPU
		Release|Any CPU = Release|Any CPU
	EndGlobalSection
	GlobalSection(ProjectConfigurationPlatforms) = postSolution
		{25612053-A742-450E-86BC-D5CD08CE165A}.Debug|Any CPU.ActiveCfg = Debug|Any CPU
		{25612053-A742-450E-86BC-D5CD08CE165A}.Debug|Any CPU.Build.0 = Debug|Any CPU
		{25612053-A742-450E-86BC-D5CD08CE165A}.Release|Any CPU.ActiveCfg = Release|Any CPU
		{25612053-A742-450E-86BC-D5CD08CE165A}.Release|Any CPU.Build.0 = Release|Any CPU
		{25612053-A742-450E-86BC-D5CD08CE165A}.Release|ARM.ActiveCfg = Release|Any CPU
		{25612053-A742-450E-86BC-D5CD08CE165A}.Release|x64.ActiveCfg = Release|Any CPU
		{25612053-A742-450E-86BC-D5CD08CE165A}.Release|x86.ActiveCfg = Release|Any CPU
		{3A2175EE-0A5E-4289-860B-231482CF2C62}.Debug|Any CPU.ActiveCfg = Debug|Any CPU
		{3A2175EE-0A5E-4289-860B-231482CF2C62}.Debug|Any CPU.Build.0 = Debug|Any CPU
		{3A2175EE-0A5E-4289-860B-231482CF2C62}.Debug|ARM.ActiveCfg = Debug|Any CPU
		{3A2175EE-0A5E-4289-860B-231482CF2C62}.Debug|x64.ActiveCfg = Debug|Any CPU
		{3A2175EE-0A5E-4289-860B-231482CF2C62}.Debug|x86.ActiveCfg = Debug|Any CPU
		{3A2175EE-0A5E-4289-860B-231482CF2C62}.Release|Any CPU.ActiveCfg = Release|Any CPU
		{3A2175EE-0A5E-4289-860B-231482CF2C62}.Release|Any CPU.Build.0 = Release|Any CPU
		{3A2175EE-0A5E-4289-860B-231482CF2C62}.Release|ARM.ActiveCfg = Release|Any CPU
		{3A2175EE-0A5E-4289-860B-231482CF2C62}.Release|x64.ActiveCfg = Release|Any CPU
		{3A2175EE-0A5E-4289-860B-231482CF2C62}.Release|x86.ActiveCfg = Release|Any CPU
		{A70D33CA-D518-4AFC-958C-717BA4FDDCB4}.Debug|Any CPU.ActiveCfg = Debug|Any CPU
		{A70D33CA-D518-4AFC-958C-717BA4FDDCB4}.Debug|Any CPU.Build.0 = Debug|Any CPU
		{A70D33CA-D518-4AFC-958C-717BA4FDDCB4}.Debug|ARM.ActiveCfg = Debug|Any CPU
		{A70D33CA-D518-4AFC-958C-717BA4FDDCB4}.Debug|x64.ActiveCfg = Debug|Any CPU
		{A70D33CA-D518-4AFC-958C-717BA4FDDCB4}.Debug|x86.ActiveCfg = Debug|Any CPU
		{A70D33CA-D518-4AFC-958C-717BA4FDDCB4}.Release|Any CPU.ActiveCfg = Release|Any CPU
		{A70D33CA-D518-4AFC-958C-717BA4FDDCB4}.Release|Any CPU.Build.0 = Release|Any CPU
	EndGlobalSection
	GlobalSection(SolutionProperties) = preSolution
		HideSolutionNode = FALSE
	EndGlobalSection
EndGlobal
